PODS:
  - FPSCounter (3.0.0)
  - Kingfisher (4.10.0)
  - PINCache (3.0.1-beta.6):
    - PINCache/Arc-exception-safe (= 3.0.1-beta.6)
    - PINCache/Core (= 3.0.1-beta.6)
  - PINCache/Arc-exception-safe (3.0.1-beta.6):
    - PINCache/Core
  - PINCache/Core (3.0.1-beta.6):
    - PINOperation (~> 1.1.0)
  - PINOperation (1.1.1)
  - PINRemoteImage/Core (3.0.0-beta.13):
    - PINOperation
  - PINRemoteImage/iOS (3.0.0-beta.13):
    - PINRemoteImage/Core
  - PINRemoteImage/PINCache (3.0.0-beta.13):
    - PINCache (= 3.0.1-beta.6)
    - PINRemoteImage/Core
  - SimulatorStatusMagic (2.3.2)
  - SwiftGen (6.0.2)
  - SwiftyUserDefaults (4.0.0-alpha.1)
  - Texture (2.7):
    - Texture/PINRemoteImage (= 2.7)
  - Texture/Core (2.7)
  - Texture/PINRemoteImage (2.7):
    - PINRemoteImage/iOS (= 3.0.0-beta.13)
    - PINRemoteImage/PINCache
    - Texture/Core

DEPENDENCIES:
  - FPSCounter (~> 3.0)
  - Kingfisher (~> 4.0)
  - SimulatorStatusMagic
  - SwiftGen
  - SwiftyUserDefaults (= 4.0.0-alpha.1)
  - Texture

SPEC REPOS:
  https://github.com/cocoapods/specs.git:
    - FPSCounter
    - Kingfisher
    - PINCache
    - PINOperation
    - PINRemoteImage
    - SimulatorStatusMagic
    - SwiftGen
    - SwiftyUserDefaults
    - Texture

SPEC CHECKSUMS:
  FPSCounter: 38f076ebc06a21d71b4e9e178e172ed766233189
  Kingfisher: 43c4b802d8b5256cf1f4379e9cd10b329be6d3e2
  PINCache: d195fdba255283f7e9900a55e3cced377f431f9b
  PINOperation: a6219e6fc9db9c269eb7a7b871ac193bcf400aac
  PINRemoteImage: d6d51c5d2adda55f1ce30c96e850b6c4ebd2856a
  SimulatorStatusMagic: 0c0e711acef6e70dd8a0710962347635a9cdef24
  SwiftGen: e5b047067aa84082826a0c4f1c4c2ddc95bcf74c
  SwiftyUserDefaults: cebe0ff9472f52699772a514b6f7155861d8069b
  Texture: 9d7e38965cf22ccd7cd9c249dd78b3f14e70ab6c

PODFILE CHECKSUM: 7915544bd4b21fa311562bc60756774050bab345

COCOAPODS: 1.5.3
